// !$*UTF8*$!
{
	archiveVersion = 1;
	classes = {
	};
	objectVersion = 50;
	objects = {

/* Begin PBXBuildFile section */
		A4D74990218BEC8D00EE02C2 /* AppDelegate.swift in Sources */ = {isa = PBXBuildFile; fileRef = A4D7498F218BEC8C00EE02C2 /* AppDelegate.swift */; };
		A4D74992218BEC8D00EE02C2 /* ViewController.swift in Sources */ = {isa = PBXBuildFile; fileRef = A4D74991218BEC8D00EE02C2 /* ViewController.swift */; };
		A4D74995218BEC8D00EE02C2 /* Main.storyboard in Resources */ = {isa = PBXBuildFile; fileRef = A4D74993218BEC8D00EE02C2 /* Main.storyboard */; };
		A4D74997218BEC9A00EE02C2 /* Assets.xcassets in Resources */ = {isa = PBXBuildFile; fileRef = A4D74996218BEC9A00EE02C2 /* Assets.xcassets */; };
		A4D7499A218BEC9A00EE02C2 /* LaunchScreen.storyboard in Resources */ = {isa = PBXBuildFile; fileRef = A4D74998218BEC9A00EE02C2 /* LaunchScreen.storyboard */; };
/* End PBXBuildFile section */

/* Begin PBXFileReference section */
		A4D7498C218BEC8C00EE02C2 /* first1102.app */ = {isa = PBXFileReference; explicitFileType = wrapper.application; includeInIndex = 0; path = first1102.app; sourceTree = BUILT_PRODUCTS_DIR; };
		A4D7498F218BEC8C00EE02C2 /* AppDelegate.swift */ = {isa = PBXFileReference; lastKnownFileType = sourcecode.swift; path = AppDelegate.swift; sourceTree = "<group>"; };
		A4D74991218BEC8D00EE02C2 /* ViewController.swift */ = {isa = PBXFileReference; lastKnownFileType = sourcecode.swift; path = ViewController.swift; sourceTree = "<group>"; };
		A4D74994218BEC8D00EE02C2 /* Base */ = {isa = PBXFileReference; lastKnownFileType = file.storyboard; name = Base; path = Base.lproj/Main.storyboard; sourceTree = "<group>"; };
		A4D74996218BEC9A00EE02C2 /* Assets.xcassets */ = {isa = PBXFileReference; lastKnownFileType = folder.assetcatalog; path = Assets.xcassets; sourceTree = "<group>"; };
		A4D74999218BEC9A00EE02C2 /* Base */ = {isa = PBXFileReference; lastKnownFileType = file.storyboard; name = Base; path = Base.lproj/LaunchScreen.storyboard; sourceTree = "<group>"; };
		A4D7499B218BEC9A00EE02C2 /* Info.plist */ = {isa = PBXFileReference; lastKnownFileType = text.plist.xml; path = Info.plist; sourceTree = "<group>"; };
/* End PBXFileReference section */

/* Begin PBXFrameworksBuildPhase section */
		A4D74989218BEC8C00EE02C2 /* Frameworks */ = {
			isa = PBXFrameworksBuildPhase;
			buildActionMask = 2147483647;
			files = (
			);
			runOnlyForDeploymentPostprocessing = 0;
		};
/* End PBXFrameworksBuildPhase section */

/* Begin PBXGroup section */
		A4D74983218BEC8C00EE02C2 = {
			isa = PBXGroup;
			children = (
				A4D7498E218BEC8C00EE02C2 /* first1102 */,
				A4D7498D218BEC8C00EE02C2 /* Products */,
			);
			sourceTree = "<group>";
		};
		A4D7498D218BEC8C00EE02C2 /* Products */ = {
			isa = PBXGroup;
			children = (
				A4D7498C218BEC8C00EE02C2 /* first1102.app */,
			);
			name = Products;
			sourceTree = "<group>";
		};
		A4D7498E218BEC8C00EE02C2 /* first1102 */ = {
			isa = PBXGroup;
			children = (
				A4D7498F218BEC8C00EE02C2 /* AppDelegate.swift */,
				A4D74991218BEC8D00EE02C2 /* ViewController.swift */,
				A4D74993218BEC8D00EE02C2 /* Main.storyboard */,
				A4D74996218BEC9A00EE02C2 /* Assets.xcassets */,
				A4D74998218BEC9A00EE02C2 /* LaunchScreen.storyboard */,
				A4D7499B218BEC9A00EE02C2 /* Info.plist */,
			);
			path = first1102;
			sourceTree = "<group>";
		};
/* End PBXGroup section */

/* Begin PBXNativeTarget section */
		A4D7498B218BEC8C00EE02C2 /* first1102 */ = {
			isa = PBXNativeTarget;
			buildConfigurationList = A4D7499E218BEC9A00EE02C2 /* Build configuration list for PBXNativeTarget "first1102" */;
			buildPhases = (
				A4D74988218BEC8C00EE02C2 /* Sources */,
				A4D74989218BEC8C00EE02C2 /* Frameworks */,
				A4D7498A218BEC8C00EE02C2 /* Resources */,
			);
			buildRules = (
			);
			dependencies = (
			);
			name = first1102;
			productName = first1102;
			productReference = A4D7498C218BEC8C00EE02C2 /* first1102.app */;
			productType = "com.apple.product-type.application";
		};
/* End PBXNativeTarget section */

/* Begin PBXProject section */
		A4D74984218BEC8C00EE02C2 /* Project object */ = {
			isa = PBXProject;
			attributes = {
				LastSwiftUpdateCheck = 0940;
				LastUpgradeCheck = 0940;
				ORGANIZATIONNAME = the;
				TargetAttributes = {
					A4D7498B218BEC8C00EE02C2 = {
						CreatedOnToolsVersion = 9.4;
					};
				};
			};
			buildConfigurationList = A4D74987218BEC8C00EE02C2 /* Build configuration list for PBXProject "first1102" */;
			compatibilityVersion = "Xcode 9.3";
			developmentRegion = en;
			hasScannedForEncodings = 0;
			knownRegions = (
				en,
				Base,
			);
			mainGroup = A4D74983218BEC8C00EE02C2;
			productRefGroup = A4D7498D218BEC8C00EE02C2 /* Products */;
			projectDirPath = "";
			projectRoot = "";
			targets = (
				A4D7498B218BEC8C00EE02C2 /* first1102 */,
			);
		};
/* End PBXProject section */

/* Begin PBXResourcesBuildPhase section */
		A4D7498A218BEC8C00EE02C2 /* Resources */ = {
			isa = PBXResourcesBuildPhase;
			buildActionMask = 2147483647;
			files = (
				A4D7499A218BEC9A00EE02C2 /* LaunchScreen.storyboard in Resources */,
				A4D74997218BEC9A00EE02C2 /* Assets.xcassets in Resources */,
				A4D74995218BEC8D00EE02C2 /* Main.storyboard in Resources */,
			);
			runOnlyForDeploymentPostprocessing = 0;
		};
/* End PBXResourcesBuildPhase section */

/* Begin PBXSourcesBuildPhase section */
		A4D74988218BEC8C00EE02C2 /* Sources */ = {
			isa = PBXSourcesBuildPhase;
			buildActionMask = 2147483647;
			files = (
				A4D74992218BEC8D00EE02C2 /* ViewController.swift in Sources */,
				A4D74990218BEC8D00EE02C2 /* AppDelegate.swift in Sources */,
			);
			runOnlyForDeploymentPostprocessing = 0;
		};
/* End PBXSourcesBuildPhase section */

/* Begin PBXVariantGroup section */
		A4D74993218BEC8D00EE02C2 /* Main.storyboard */ = {
			isa = PBXVariantGroup;
			children = (
				A4D74994218BEC8D00EE02C2 /* Base */,
			);
			name = Main.storyboard;
			sourceTree = "<group>";
		};
		A4D74998218BEC9A00EE02C2 /* LaunchScreen.storyboard */ = {
			isa = PBXVariantGroup;
			children = (
				A4D74999218BEC9A00EE02C2 /* Base */,
			);
			name = LaunchScreen.storyboard;
			sourceTree = "<group>";
		};
/* End PBXVariantGroup section */

/* Begin XCBuildConfiguration section */
		A4D7499C218BEC9A00EE02C2 /* Debug */ = {
			isa = XCBuildConfiguration;
			buildSettings = {
				ALWAYS_SEARCH_USER_PATHS = NO;
				CLANG_ANALYZER_NONNULL = YES;
				CLANG_ANALYZER_NUMBER_OBJECT_CONVERSION = YES_AGGRESSIVE;
				CLANG_CXX_LANGUAGE_STANDARD = "gnu++14";
				CLANG_CXX_LIBRARY = "libc++";
				CLANG_ENABLE_MODULES = YES;
				CLANG_ENABLE_OBJC_ARC = YES;
				CLANG_ENABLE_OBJC_WEAK = YES;
				CLANG_WARN_BLOCK_CAPTURE_AUTORELEASING = YES;
				CLANG_WARN_BOOL_CONVERSION = YES;
				CLANG_WARN_COMMA = YES;
				CLANG_WARN_CONSTANT_CONVERSION = YES;
				CLANG_WARN_DEPRECATED_OBJC_IMPLEMENTATIONS = YES;
				CLANG_WARN_DIRECT_OBJC_ISA_USAGE = YES_ERROR;
				CLANG_WARN_DOCUMENTATION_COMMENTS = YES;
				CLANG_WARN_EMPTY_BODY = YES;
				CLANG_WARN_ENUM_CONVERSION = YES;
				CLANG_WARN_INFINITE_RECURSION = YES;
				CLANG_WARN_INT_CONVERSION = YES;
				CLANG_WARN_NON_LITERAL_NULL_CONVERSION = YES;
				CLANG_WARN_OBJC_IMPLICIT_RETAIN_SELF = YES;
				CLANG_WARN_OBJC_LITERAL_CONVERSION = YES;
				CLANG_WARN_OBJC_ROOT_CLASS = YES_ERROR;
				CLANG_WARN_RANGE_LOOP_ANALYSIS = YES;
				CLANG_WARN_STRICT_PROTOTYPES = YES;
				CLANG_WARN_SUSPICIOUS_MOVE = YES;
				CLANG_WARN_UNGUARDED_AVAILABILITY = YES_AGGRESSIVE;
				CLANG_WARN_UNREACHABLE_CODE = YES;
				CLANG_WARN__DUPLICATE_METHOD_MATCH = YES;
				CODE_SIGN_IDENTITY = "iPhone Developer";
				COPY_PHASE_STRIP = NO;
				DEBUG_INFORMATION_FORMAT = dwarf;
				ENABLE_STRICT_OBJC_MSGSEND = YES;
				ENABLE_TESTABILITY = YES;
				GCC_C_LANGUAGE_STANDARD = gnu11;
				GCC_DYNAMIC_NO_PIC = NO;
				GCC_NO_COMMON_BLOCKS = YES;
				GCC_OPTIMIZATION_LEVEL = 0;
				GCC_PREPROCESSOR_DEFINITIONS = (
					"DEBUG=1",
					"$(inherited)",
				);
				GCC_WARN_64_TO_32_BIT_CONVERSION = YES;
				GCC_WARN_ABOUT_RETURN_TYPE = YES_ERROR;
				GCC_WARN_UNDECLARED_SELECTOR = YES;
				GCC_WARN_UNINITIALIZED_AUTOS = YES_AGGRESSIVE;
				GCC_WARN_UNUSED_FUNCTION = YES;
				GCC_WARN_UNUSED_VARIABLE = YES;
				IPHONEOS_DEPLOYMENT_TARGET = 11.4;
				MTL_ENABLE_DEBUG_INFO = YES;
				ONLY_ACTIVE_ARCH = YES;
				SDKROOT = iphoneos;
				SWIFT_ACTIVE_COMPILATION_CONDITIONS = DEBUG;
				SWIFT_OPTIMIZATION_LEVEL = "-Onone";
			};
			name = Debug;
		};
		A4D7499D218BEC9A00EE02C2 /* Release */ = {
			isa = XCBuildConfiguration;
			buildSettings = {
				ALWAYS_SEARCH_USER_PATHS = NO;
				CLANG_ANALYZER_NONNULL = YES;
				CLANG_ANALYZER_NUMBER_OBJECT_CONVERSION = YES_AGGRESSIVE;
				CLANG_CXX_LANGUAGE_STANDARD = "gnu++14";
				CLANG_CXX_LIBRARY = "libc++";
				CLANG_ENABLE_MODULES = YES;
				CLANG_ENABLE_OBJC_ARC = YES;
				CLANG_ENABLE_OBJC_WEAK = YES;
				CLANG_WARN_BLOCK_CAPTURE_AUTORELEASING = YES;
				CLANG_WARN_BOOL_CONVERSION = YES;
				CLANG_WARN_COMMA = YES;
				CLANG_WARN_CONSTANT_CONVERSION = YES;
				CLANG_WARN_DEPRECATED_OBJC_IMPLEMENTATIONS = YES;
				CLANG_WARN_DIRECT_OBJC_ISA_USAGE = YES_ERROR;
				CLANG_WARN_DOCUMENTATION_COMMENTS = YES;
				CLANG_WARN_EMPTY_BODY = YES;
				CLANG_WARN_ENUM_CONVERSION = YES;
				CLANG_WARN_INFINITE_RECURSION = YES;
				CLANG_WARN_INT_CONVERSION = YES;
				CLANG_WARN_NON_LITERAL_NULL_CONVERSION = YES;
				CLANG_WARN_OBJC_IMPLICIT_RETAIN_SELF = YES;
				CLANG_WARN_OBJC_LITERAL_CONVERSION = YES;
				CLANG_WARN_OBJC_ROOT_CLASS = YES_ERROR;
				CLANG_WARN_RANGE_LOOP_ANALYSIS = YES;
				CLANG_WARN_STRICT_PROTOTYPES = YES;
				CLANG_WARN_SUSPICIOUS_MOVE = YES;
				CLANG_WARN_UNGUARDED_AVAILABILITY = YES_AGGRESSIVE;
				CLANG_WARN_UNREACHABLE_CODE = YES;
				CLANG_WARN__DUPLICATE_METHOD_MATCH = YES;
				CODE_SIGN_IDENTITY = "iPhone Developer";
				COPY_PHASE_STRIP = NO;
				DEBUG_INFORMATION_FORMAT = "dwarf-with-dsym";
				ENABLE_NS_ASSERTIONS = NO;
				ENABLE_STRICT_OBJC_MSGSEND = YES;
				GCC_C_LANGUAGE_STANDARD = gnu11;
				GCC_NO_COMMON_BLOCKS = YES;
				GCC_WARN_64_TO_32_BIT_CONVERSION = YES;
				GCC_WARN_ABOUT_RETURN_TYPE = YES_ERROR;
				GCC_WARN_UNDECLARED_SELECTOR = YES;
				GCC_WARN_UNINITIALIZED_AUTOS = YES_AGGRESSIVE;
				GCC_WARN_UNUSED_FUNCTION = YES;
				GCC_WARN_UNUSED_VARIABLE = YES;
				IPHONEOS_DEPLOYMENT_TARGET = 11.4;
				MTL_ENABLE_DEBUG_INFO = NO;
				SDKROOT = iphoneos;
				SWIFT_COMPILATION_MODE = wholemodule;
				SWIFT_OPTIMIZATION_LEVEL = "-O";
				VALIDATE_PRODUCT = YES;
			};
			name = Release;
		};
		A4D7499F218BEC9A00EE02C2 /* Debug */ = {
			isa = XCBuildConfiguration;
			buildSettings = {
				ASSETCATALOG_COMPILER_APPICON_NAME = AppIcon;
				CODE_SIGN_STYLE = Automatic;
				INFOPLIST_FILE = first1102/Info.plist;
				LD_RUNPATH_SEARCH_PATHS = (
					"$(inherited)",
					"@executable_path/Frameworks",
				);
				PRODUCT_BUNDLE_IDENTIFIER = gmail.pilot.lyb.first1102;
				PRODUCT_NAME = "$(TARGET_NAME)";
				SWIFT_VERSION = 4.0;
				TARGETED_DEVICE_FAMILY = "1,2";
			};
			name = Debug;
		};
		A4D749A0218BEC9A00EE02C2 /* Release */ = {
			isa = XCBuildConfiguration;
			buildSettings = {
				ASSETCATALOG_COMPILER_APPICON_NAME = AppIcon;
				CODE_SIGN_STYLE = Automatic;
				INFOPLIST_FILE = first1102/Info.plist;
				LD_RUNPATH_SEARCH_PATHS = (
					"$(inherited)",
					"@executable_path/Frameworks",
				);
				PRODUCT_BUNDLE_IDENTIFIER = gmail.pilot.lyb.first1102;
				PRODUCT_NAME = "$(TARGET_NAME)";
				SWIFT_VERSION = 4.0;
				TARGETED_DEVICE_FAMILY = "1,2";
			};
			name = Release;
		};
/* End XCBuildConfiguration section */

/* Begin XCConfigurationList section */
		A4D74987218BEC8C00EE02C2 /* Build configuration list for PBXProject "first1102" */ = {
			isa = XCConfigurationList;
			buildConfigurations = (
				A4D7499C218BEC9A00EE02C2 /* Debug */,
				A4D7499D218BEC9A00EE02C2 /* Release */,
			);
			defaultConfigurationIsVisible = 0;
			defaultConfigurationName = Release;
		};
		A4D7499E218BEC9A00EE02C2 /* Build configuration list for PBXNativeTarget "first1102" */ = {
			isa = XCConfigurationList;
			buildConfigurations = (
				A4D7499F218BEC9A00EE02C2 /* Debug */,
				A4D749A0218BEC9A00EE02C2 /* Release */,
			);
			defaultConfigurationIsVisible = 0;
			defaultConfigurationName = Release;
		};
/* End XCConfigurationList section */
	};
	rootObject = A4D74984218BEC8C00EE02C2 /* Project object */;
}
